
Microsoft Visual Studio Solution File, Format Version 12.00
# Visual Studio Version 16
VisualStudioVersion = 16.0.31313.79
MinimumVisualStudioVersion = 10.0.40219.1
Project("{9A19103F-16F7-4668-BE54-9A1E7A4F7556}") = "Stargazer.Extensions.AspNetCore.NotNullableCollectionItemValidation", "src\Stargazer.Extensions.AspNetCore.NotNullableCollectionItemValidation\Stargazer.Extensions.AspNetCore.NotNullableCollectionItemValidation.csproj", "{C35BA58E-A2E5-453C-B001-B09517D1FB85}"
EndProject
Global
	GlobalSection(SolutionConfigurationPlatforms) = preSolution
		Debug|Any CPU = Debug|Any CPU
		Release|Any CPU = Release|Any CPU
	EndGlobalSection
	GlobalSection(ProjectConfigurationPlatforms) = postSolution
		{C35BA58E-A2E5-453C-B001-B09517D1FB85}.Debug|Any CPU.ActiveCfg = Debug|Any CPU
		{C35BA58E-A2E5-453C-B001-B09517D1FB85}.Debug|Any CPU.Build.0 = Debug|Any CPU
		{C35BA58E-A2E5-453C-B001-B09517D1FB85}.Release|Any CPU.ActiveCfg = Release|Any CPU
		{C35BA58E-A2E5-453C-B001-B09517D1FB85}.Release|Any CPU.Build.0 = Release|Any CPU
	EndGlobalSection
	GlobalSection(SolutionProperties) = preSolution
		HideSolutionNode = FALSE
	EndGlobalSection
	GlobalSection(ExtensibilityGlobals) = postSolution
		SolutionGuid = {13C67AE2-63CF-4BCB-9274-14E998B7FA2D}
	EndGlobalSection
EndGlobal
